
Microsoft Visual Studio Solution File, Format Version 12.00
# Visual Studio Version 16
VisualStudioVersion = 16.0.29215.179
MinimumVisualStudioVersion = 10.0.40219.1
Project("{FAE04EC0-301F-11D3-BF4B-00C04F79EFBC}") = "CalculatorWindows", "CalculatorWindows\CalculatorWindows.csproj", "{356F3454-D439-4787-A74A-7991D7CB181B}"
EndProject
Global
	GlobalSection(SolutionConfigurationPlatforms) = preSolution
		Debug|Any CPU = Debug|Any CPU
		Release|Any CPU = Release|Any CPU
	EndGlobalSection
	GlobalSection(ProjectConfigurationPlatforms) = postSolution
		{356F3454-D439-4787-A74A-7991D7CB181B}.Debug|Any CPU.ActiveCfg = Debug|Any CPU
		{356F3454-D439-4787-A74A-7991D7CB181B}.Debug|Any CPU.Build.0 = Debug|Any CPU
		{356F3454-D439-4787-A74A-7991D7CB181B}.Release|Any CPU.ActiveCfg = Release|Any CPU
		{356F3454-D439-4787-A74A-7991D7CB181B}.Release|Any CPU.Build.0 = Release|Any CPU
	EndGlobalSection
	GlobalSection(SolutionProperties) = preSolution
		HideSolutionNode = FALSE
	EndGlobalSection
	GlobalSection(ExtensibilityGlobals) = postSolution
		SolutionGuid = {DE7F61DC-445F-425F-862C-7BE67A1EFB91}
	EndGlobalSection
EndGlobal
